
Microsoft Visual Studio Solution File, Format Version 12.00
# Visual Studio Version 16
VisualStudioVersion = 16.0.30907.101
MinimumVisualStudioVersion = 10.0.40219.1
Project("{FAE04EC0-301F-11D3-BF4B-00C04F79EFBC}") = "SistemaDeCotizacion.EntidadesDeNegocio", "SistemaDeCotizacion.EntidadesDeNegocio\SistemaDeCotizacion.EntidadesDeNegocio.csproj", "{9D87CE26-6798-4EFF-B137-B10224AD25A4}"
EndProject
Project("{FAE04EC0-301F-11D3-BF4B-00C04F79EFBC}") = "SistemaDeCotizacion.LogicaDeNegocio", "SistemaDeCotizacion.LogicaDeNegocio\SistemaDeCotizacion.LogicaDeNegocio.csproj", "{4E4921E3-49AB-46D3-BC43-0E2CBD18D041}"
EndProject
Project("{FAE04EC0-301F-11D3-BF4B-00C04F79EFBC}") = "SistemaDeCotizacion.AccesoADatos", "SistemaDeCotizacion.AccesoADatos\SistemaDeCotizacion.AccesoADatos.csproj", "{54674B1E-3840-4B78-BD03-2C98030EF87B}"
EndProject
Project("{FAE04EC0-301F-11D3-BF4B-00C04F79EFBC}") = "SistemaDeCotizacion.UI.AppWebAspCore", "SistemaDeCotizacion.UI.AppWebAspCore\SistemaDeCotizacion.UI.AppWebAspCore.csproj", "{9DCD5B40-533D-49D5-924B-5C066CF11211}"
EndProject
Global
	GlobalSection(SolutionConfigurationPlatforms) = preSolution
		Debug|Any CPU = Debug|Any CPU
		Release|Any CPU = Release|Any CPU
	EndGlobalSection
	GlobalSection(ProjectConfigurationPlatforms) = postSolution
		{9D87CE26-6798-4EFF-B137-B10224AD25A4}.Debug|Any CPU.ActiveCfg = Debug|Any CPU
		{9D87CE26-6798-4EFF-B137-B10224AD25A4}.Debug|Any CPU.Build.0 = Debug|Any CPU
		{9D87CE26-6798-4EFF-B137-B10224AD25A4}.Release|Any CPU.ActiveCfg = Release|Any CPU
		{9D87CE26-6798-4EFF-B137-B10224AD25A4}.Release|Any CPU.Build.0 = Release|Any CPU
		{4E4921E3-49AB-46D3-BC43-0E2CBD18D041}.Debug|Any CPU.ActiveCfg = Debug|Any CPU
		{4E4921E3-49AB-46D3-BC43-0E2CBD18D041}.Debug|Any CPU.Build.0 = Debug|Any CPU
		{4E4921E3-49AB-46D3-BC43-0E2CBD18D041}.Release|Any CPU.ActiveCfg = Release|Any CPU
		{4E4921E3-49AB-46D3-BC43-0E2CBD18D041}.Release|Any CPU.Build.0 = Release|Any CPU
		{54674B1E-3840-4B78-BD03-2C98030EF87B}.Debug|Any CPU.ActiveCfg = Debug|Any CPU
		{54674B1E-3840-4B78-BD03-2C98030EF87B}.Debug|Any CPU.Build.0 = Debug|Any CPU
		{54674B1E-3840-4B78-BD03-2C98030EF87B}.Release|Any CPU.ActiveCfg = Release|Any CPU
		{54674B1E-3840-4B78-BD03-2C98030EF87B}.Release|Any CPU.Build.0 = Release|Any CPU
		{9DCD5B40-533D-49D5-924B-5C066CF11211}.Debug|Any CPU.ActiveCfg = Debug|Any CPU
		{9DCD5B40-533D-49D5-924B-5C066CF11211}.Debug|Any CPU.Build.0 = Debug|Any CPU
		{9DCD5B40-533D-49D5-924B-5C066CF11211}.Release|Any CPU.ActiveCfg = Release|Any CPU
		{9DCD5B40-533D-49D5-924B-5C066CF11211}.Release|Any CPU.Build.0 = Release|Any CPU
	EndGlobalSection
	GlobalSection(SolutionProperties) = preSolution
		HideSolutionNode = FALSE
	EndGlobalSection
	GlobalSection(ExtensibilityGlobals) = postSolution
		SolutionGuid = {9241C2CD-CA8B-4B73-85E4-0C46D8434744}
	EndGlobalSection
EndGlobal
